
Microsoft Visual Studio Solution File, Format Version 12.00
# Visual Studio 15
VisualStudioVersion = 15.0.28307.1433
MinimumVisualStudioVersion = 10.0.40219.1
Project("{FAE04EC0-301F-11D3-BF4B-00C04F79EFBC}") = "Idades", "Idades\Idades.csproj", "{650F8E8D-C405-4A48-BE1F-A65E72E6E096}"
EndProject
Global
	GlobalSection(SolutionConfigurationPlatforms) = preSolution
		Debug|Any CPU = Debug|Any CPU
		Release|Any CPU = Release|Any CPU
	EndGlobalSection
	GlobalSection(ProjectConfigurationPlatforms) = postSolution
		{650F8E8D-C405-4A48-BE1F-A65E72E6E096}.Debug|Any CPU.ActiveCfg = Debug|Any CPU
		{650F8E8D-C405-4A48-BE1F-A65E72E6E096}.Debug|Any CPU.Build.0 = Debug|Any CPU
		{650F8E8D-C405-4A48-BE1F-A65E72E6E096}.Release|Any CPU.ActiveCfg = Release|Any CPU
		{650F8E8D-C405-4A48-BE1F-A65E72E6E096}.Release|Any CPU.Build.0 = Release|Any CPU
	EndGlobalSection
	GlobalSection(SolutionProperties) = preSolution
		HideSolutionNode = FALSE
	EndGlobalSection
	GlobalSection(ExtensibilityGlobals) = postSolution
		SolutionGuid = {D221FCBB-F24D-4CFA-AD16-BE2435267B49}
	EndGlobalSection
EndGlobal
